hash: 48ae6f7dc1e86ed0facc553758de698686d8876347df15b9183df33a4f97a237
updated: 2018-10-18T21:10:35.846333379+08:00
imports:
- name: github.com/ivpusic/grpool
  version: 28957a27c9441f178d644aa598bac0aad4dd7bba
- name: github.com/xcltapestry/xclpkg
  version: 4bb35f81c8780aec5172e9651468d77fa9b3523d
testImports: []
